
Microsoft Visual Studio Solution File, Format Version 12.00
# Visual Studio 2013
VisualStudioVersion = 12.0.31101.0
MinimumVisualStudioVersion = 10.0.40219.1
Project("{FAE04EC0-301F-11D3-BF4B-00C04F79EFBC}") = "NHibernate.DataContext", "src\NHibernate.DataContext\NHibernate.DataContext.csproj", "{58383005-7358-48E3-B111-1A7927F2B64C}"
EndProject
Project("{FAE04EC0-301F-11D3-BF4B-00C04F79EFBC}") = "SampleDomain", "src\SampleDomain\SampleDomain.csproj", "{7CC3B72B-7216-4118-876A-8E65BFC863E2}"
EndProject
Global
	GlobalSection(SolutionConfigurationPlatforms) = preSolution
		Debug|Any CPU = Debug|Any CPU
		Release|Any CPU = Release|Any CPU
	EndGlobalSection
	GlobalSection(ProjectConfigurationPlatforms) = postSolution
		{58383005-7358-48E3-B111-1A7927F2B64C}.Debug|Any CPU.ActiveCfg = Debug|Any CPU
		{58383005-7358-48E3-B111-1A7927F2B64C}.Debug|Any CPU.Build.0 = Debug|Any CPU
		{58383005-7358-48E3-B111-1A7927F2B64C}.Release|Any CPU.ActiveCfg = Release|Any CPU
		{58383005-7358-48E3-B111-1A7927F2B64C}.Release|Any CPU.Build.0 = Release|Any CPU
		{7CC3B72B-7216-4118-876A-8E65BFC863E2}.Debug|Any CPU.ActiveCfg = Debug|Any CPU
		{7CC3B72B-7216-4118-876A-8E65BFC863E2}.Debug|Any CPU.Build.0 = Debug|Any CPU
		{7CC3B72B-7216-4118-876A-8E65BFC863E2}.Release|Any CPU.ActiveCfg = Release|Any CPU
		{7CC3B72B-7216-4118-876A-8E65BFC863E2}.Release|Any CPU.Build.0 = Release|Any CPU
	EndGlobalSection
	GlobalSection(SolutionProperties) = preSolution
		HideSolutionNode = FALSE
	EndGlobalSection
EndGlobal
